// !$*UTF8*$!
{
	archiveVersion = 1;
	classes = {
	};
	objectVersion = 56;
	objects = {

/* Begin PBXBuildFile section */
		6C5B442C2AD9A12E007E20D4 /* AppDelegate.swift in Sources */ = {isa = PBXBuildFile; fileRef = 6C5B442B2AD9A12E007E20D4 /* AppDelegate.swift */; };
		6C5B442E2AD9A12E007E20D4 /* SceneDelegate.swift in Sources */ = {isa = PBXBuildFile; fileRef = 6C5B442D2AD9A12E007E20D4 /* SceneDelegate.swift */; };
		6C5B44302AD9A12E007E20D4 /* SettingsController.swift in Sources */ = {isa = PBXBuildFile; fileRef = 6C5B442F2AD9A12E007E20D4 /* SettingsController.swift */; };
		6C5B44352AD9A130007E20D4 /* Assets.xcassets in Resources */ = {isa = PBXBuildFile; fileRef = 6C5B44342AD9A130007E20D4 /* Assets.xcassets */; };
		6C5B44382AD9A130007E20D4 /* LaunchScreen.storyboard in Resources */ = {isa = PBXBuildFile; fileRef = 6C5B44362AD9A130007E20D4 /* LaunchScreen.storyboard */; };
		6C5B44472AD9BE9A007E20D4 /* SettingsModel.swift in Sources */ = {isa = PBXBuildFile; fileRef = 6C5B44462AD9BE9A007E20D4 /* SettingsModel.swift */; };
		6C5B44492AD9BEA2007E20D4 /* SettingsView.swift in Sources */ = {isa = PBXBuildFile; fileRef = 6C5B44482AD9BEA2007E20D4 /* SettingsView.swift */; };
		6C5B444B2AD9BFD1007E20D4 /* Settings.swift in Sources */ = {isa = PBXBuildFile; fileRef = 6C5B444A2AD9BFD1007E20D4 /* Settings.swift */; };
/* End PBXBuildFile section */

/* Begin PBXFileReference section */
		6C5B44282AD9A12E007E20D4 /* SettingsAppMVC.app */ = {isa = PBXFileReference; explicitFileType = wrapper.application; includeInIndex = 0; path = SettingsAppMVC.app; sourceTree = BUILT_PRODUCTS_DIR; };
		6C5B442B2AD9A12E007E20D4 /* AppDelegate.swift */ = {isa = PBXFileReference; lastKnownFileType = sourcecode.swift; path = AppDelegate.swift; sourceTree = "<group>"; };
		6C5B442D2AD9A12E007E20D4 /* SceneDelegate.swift */ = {isa = PBXFileReference; lastKnownFileType = sourcecode.swift; path = SceneDelegate.swift; sourceTree = "<group>"; };
		6C5B442F2AD9A12E007E20D4 /* SettingsController.swift */ = {isa = PBXFileReference; lastKnownFileType = sourcecode.swift; path = SettingsController.swift; sourceTree = "<group>"; };
		6C5B44342AD9A130007E20D4 /* Assets.xcassets */ = {isa = PBXFileReference; lastKnownFileType = folder.assetcatalog; path = Assets.xcassets; sourceTree = "<group>"; };
		6C5B44372AD9A130007E20D4 /* Base */ = {isa = PBXFileReference; lastKnownFileType = file.storyboard; name = Base; path = Base.lproj/LaunchScreen.storyboard; sourceTree = "<group>"; };
		6C5B44392AD9A130007E20D4 /* Info.plist */ = {isa = PBXFileReference; lastKnownFileType = text.plist.xml; path = Info.plist; sourceTree = "<group>"; };
		6C5B44462AD9BE9A007E20D4 /* SettingsModel.swift */ = {isa = PBXFileReference; lastKnownFileType = sourcecode.swift; path = SettingsModel.swift; sourceTree = "<group>"; };
		6C5B44482AD9BEA2007E20D4 /* SettingsView.swift */ = {isa = PBXFileReference; lastKnownFileType = sourcecode.swift; path = SettingsView.swift; sourceTree = "<group>"; };
		6C5B444A2AD9BFD1007E20D4 /* Settings.swift */ = {isa = PBXFileReference; lastKnownFileType = sourcecode.swift; path = Settings.swift; sourceTree = "<group>"; };
/* End PBXFileReference section */

/* Begin PBXFrameworksBuildPhase section */
		6C5B44252AD9A12E007E20D4 /* Frameworks */ = {
			isa = PBXFrameworksBuildPhase;
			buildActionMask = 2147483647;
			files = (
			);
			runOnlyForDeploymentPostprocessing = 0;
		};
/* End PBXFrameworksBuildPhase section */

/* Begin PBXGroup section */
		6C5B441F2AD9A12E007E20D4 = {
			isa = PBXGroup;
			children = (
				6C5B442A2AD9A12E007E20D4 /* SettingsAppMVC */,
				6C5B44292AD9A12E007E20D4 /* Products */,
			);
			sourceTree = "<group>";
		};
		6C5B44292AD9A12E007E20D4 /* Products */ = {
			isa = PBXGroup;
			children = (
				6C5B44282AD9A12E007E20D4 /* SettingsAppMVC.app */,
			);
			name = Products;
			sourceTree = "<group>";
		};
		6C5B442A2AD9A12E007E20D4 /* SettingsAppMVC */ = {
			isa = PBXGroup;
			children = (
				6C5B44402AD9BDE1007E20D4 /* Sources */,
				6C5B443F2AD9BDD3007E20D4 /* Resources */,
			);
			path = SettingsAppMVC;
			sourceTree = "<group>";
		};
		6C5B443F2AD9BDD3007E20D4 /* Resources */ = {
			isa = PBXGroup;
			children = (
				6C5B44342AD9A130007E20D4 /* Assets.xcassets */,
				6C5B44362AD9A130007E20D4 /* LaunchScreen.storyboard */,
				6C5B44392AD9A130007E20D4 /* Info.plist */,
			);
			path = Resources;
			sourceTree = "<group>";
		};
		6C5B44402AD9BDE1007E20D4 /* Sources */ = {
			isa = PBXGroup;
			children = (
				6C5B44422AD9BE07007E20D4 /* Scenes */,
				6C5B44412AD9BE00007E20D4 /* App */,
			);
			path = Sources;
			sourceTree = "<group>";
		};
		6C5B44412AD9BE00007E20D4 /* App */ = {
			isa = PBXGroup;
			children = (
				6C5B442B2AD9A12E007E20D4 /* AppDelegate.swift */,
				6C5B442D2AD9A12E007E20D4 /* SceneDelegate.swift */,
			);
			path = App;
			sourceTree = "<group>";
		};
		6C5B44422AD9BE07007E20D4 /* Scenes */ = {
			isa = PBXGroup;
			children = (
				6C5B44432AD9BE43007E20D4 /* Model */,
				6C5B44442AD9BE48007E20D4 /* View */,
				6C5B44452AD9BE4C007E20D4 /* Controller */,
			);
			path = Scenes;
			sourceTree = "<group>";
		};
		6C5B44432AD9BE43007E20D4 /* Model */ = {
			isa = PBXGroup;
			children = (
				6C5B44462AD9BE9A007E20D4 /* SettingsModel.swift */,
				6C5B444A2AD9BFD1007E20D4 /* Settings.swift */,
			);
			path = Model;
			sourceTree = "<group>";
		};
		6C5B44442AD9BE48007E20D4 /* View */ = {
			isa = PBXGroup;
			children = (
				6C5B44482AD9BEA2007E20D4 /* SettingsView.swift */,
			);
			path = View;
			sourceTree = "<group>";
		};
		6C5B44452AD9BE4C007E20D4 /* Controller */ = {
			isa = PBXGroup;
			children = (
				6C5B442F2AD9A12E007E20D4 /* SettingsController.swift */,
			);
			path = Controller;
			sourceTree = "<group>";
		};
/* End PBXGroup section */

/* Begin PBXNativeTarget section */
		6C5B44272AD9A12E007E20D4 /* SettingsAppMVC */ = {
			isa = PBXNativeTarget;
			buildConfigurationList = 6C5B443C2AD9A130007E20D4 /* Build configuration list for PBXNativeTarget "SettingsAppMVC" */;
			buildPhases = (
				6C5B44242AD9A12E007E20D4 /* Sources */,
				6C5B44252AD9A12E007E20D4 /* Frameworks */,
				6C5B44262AD9A12E007E20D4 /* Resources */,
			);
			buildRules = (
			);
			dependencies = (
			);
			name = SettingsAppMVC;
			productName = SettingsAppMVC;
			productReference = 6C5B44282AD9A12E007E20D4 /* SettingsAppMVC.app */;
			productType = "com.apple.product-type.application";
		};
/* End PBXNativeTarget section */

/* Begin PBXProject section */
		6C5B44202AD9A12E007E20D4 /* Project object */ = {
			isa = PBXProject;
			attributes = {
				BuildIndependentTargetsInParallel = 1;
				LastSwiftUpdateCheck = 1500;
				LastUpgradeCheck = 1500;
				TargetAttributes = {
					6C5B44272AD9A12E007E20D4 = {
						CreatedOnToolsVersion = 15.0;
					};
				};
			};
			buildConfigurationList = 6C5B44232AD9A12E007E20D4 /* Build configuration list for PBXProject "SettingsAppMVC" */;
			compatibilityVersion = "Xcode 14.0";
			developmentRegion = en;
			hasScannedForEncodings = 0;
			knownRegions = (
				en,
				Base,
			);
			mainGroup = 6C5B441F2AD9A12E007E20D4;
			productRefGroup = 6C5B44292AD9A12E007E20D4 /* Products */;
			projectDirPath = "";
			projectRoot = "";
			targets = (
				6C5B44272AD9A12E007E20D4 /* SettingsAppMVC */,
			);
		};
/* End PBXProject section */

/* Begin PBXResourcesBuildPhase section */
		6C5B44262AD9A12E007E20D4 /* Resources */ = {
			isa = PBXResourcesBuildPhase;
			buildActionMask = 2147483647;
			files = (
				6C5B44382AD9A130007E20D4 /* LaunchScreen.storyboard in Resources */,
				6C5B44352AD9A130007E20D4 /* Assets.xcassets in Resources */,
			);
			runOnlyForDeploymentPostprocessing = 0;
		};
/* End PBXResourcesBuildPhase section */

/* Begin PBXSourcesBuildPhase section */
		6C5B44242AD9A12E007E20D4 /* Sources */ = {
			isa = PBXSourcesBuildPhase;
			buildActionMask = 2147483647;
			files = (
				6C5B444B2AD9BFD1007E20D4 /* Settings.swift in Sources */,
				6C5B44492AD9BEA2007E20D4 /* SettingsView.swift in Sources */,
				6C5B44472AD9BE9A007E20D4 /* SettingsModel.swift in Sources */,
				6C5B44302AD9A12E007E20D4 /* SettingsController.swift in Sources */,
				6C5B442C2AD9A12E007E20D4 /* AppDelegate.swift in Sources */,
				6C5B442E2AD9A12E007E20D4 /* SceneDelegate.swift in Sources */,
			);
			runOnlyForDeploymentPostprocessing = 0;
		};
/* End PBXSourcesBuildPhase section */

/* Begin PBXVariantGroup section */
		6C5B44362AD9A130007E20D4 /* LaunchScreen.storyboard */ = {
			isa = PBXVariantGroup;
			children = (
				6C5B44372AD9A130007E20D4 /* Base */,
			);
			name = LaunchScreen.storyboard;
			sourceTree = "<group>";
		};
/* End PBXVariantGroup section */

/* Begin XCBuildConfiguration section */
		6C5B443A2AD9A130007E20D4 /* Debug */ = {
			isa = XCBuildConfiguration;
			buildSettings = {
				ALWAYS_SEARCH_USER_PATHS = NO;
				ASSETCATALOG_COMPILER_GENERATE_SWIFT_ASSET_SYMBOL_EXTENSIONS = YES;
				CLANG_ANALYZER_NONNULL = YES;
				CLANG_ANALYZER_NUMBER_OBJECT_CONVERSION = YES_AGGRESSIVE;
				CLANG_CXX_LANGUAGE_STANDARD = "gnu++20";
				CLANG_ENABLE_MODULES = YES;
				CLANG_ENABLE_OBJC_ARC = YES;
				CLANG_ENABLE_OBJC_WEAK = YES;
				CLANG_WARN_BLOCK_CAPTURE_AUTORELEASING = YES;
				CLANG_WARN_BOOL_CONVERSION = YES;
				CLANG_WARN_COMMA = YES;
				CLANG_WARN_CONSTANT_CONVERSION = YES;
				CLANG_WARN_DEPRECATED_OBJC_IMPLEMENTATIONS = YES;
				CLANG_WARN_DIRECT_OBJC_ISA_USAGE = YES_ERROR;
				CLANG_WARN_DOCUMENTATION_COMMENTS = YES;
				CLANG_WARN_EMPTY_BODY = YES;
				CLANG_WARN_ENUM_CONVERSION = YES;
				CLANG_WARN_INFINITE_RECURSION = YES;
				CLANG_WARN_INT_CONVERSION = YES;
				CLANG_WARN_NON_LITERAL_NULL_CONVERSION = YES;
				CLANG_WARN_OBJC_IMPLICIT_RETAIN_SELF = YES;
				CLANG_WARN_OBJC_LITERAL_CONVERSION = YES;
				CLANG_WARN_OBJC_ROOT_CLASS = YES_ERROR;
				CLANG_WARN_QUOTED_INCLUDE_IN_FRAMEWORK_HEADER = YES;
				CLANG_WARN_RANGE_LOOP_ANALYSIS = YES;
				CLANG_WARN_STRICT_PROTOTYPES = YES;
				CLANG_WARN_SUSPICIOUS_MOVE = YES;
				CLANG_WARN_UNGUARDED_AVAILABILITY = YES_AGGRESSIVE;
				CLANG_WARN_UNREACHABLE_CODE = YES;
				CLANG_WARN__DUPLICATE_METHOD_MATCH = YES;
				COPY_PHASE_STRIP = NO;
				DEBUG_INFORMATION_FORMAT = dwarf;
				ENABLE_STRICT_OBJC_MSGSEND = YES;
				ENABLE_TESTABILITY = YES;
				ENABLE_USER_SCRIPT_SANDBOXING = YES;
				GCC_C_LANGUAGE_STANDARD = gnu17;
				GCC_DYNAMIC_NO_PIC = NO;
				GCC_NO_COMMON_BLOCKS = YES;
				GCC_OPTIMIZATION_LEVEL = 0;
				GCC_PREPROCESSOR_DEFINITIONS = (
					"DEBUG=1",
					"$(inherited)",
				);
				GCC_WARN_64_TO_32_BIT_CONVERSION = YES;
				GCC_WARN_ABOUT_RETURN_TYPE = YES_ERROR;
				GCC_WARN_UNDECLARED_SELECTOR = YES;
				GCC_WARN_UNINITIALIZED_AUTOS = YES_AGGRESSIVE;
				GCC_WARN_UNUSED_FUNCTION = YES;
				GCC_WARN_UNUSED_VARIABLE = YES;
				IPHONEOS_DEPLOYMENT_TARGET = 17.0;
				LOCALIZATION_PREFERS_STRING_CATALOGS = YES;
				MTL_ENABLE_DEBUG_INFO = INCLUDE_SOURCE;
				MTL_FAST_MATH = YES;
				ONLY_ACTIVE_ARCH = YES;
				SDKROOT = iphoneos;
				SWIFT_ACTIVE_COMPILATION_CONDITIONS = "DEBUG $(inherited)";
				SWIFT_OPTIMIZATION_LEVEL = "-Onone";
			};
			name = Debug;
		};
		6C5B443B2AD9A130007E20D4 /* Release */ = {
			isa = XCBuildConfiguration;
			buildSettings = {
				ALWAYS_SEARCH_USER_PATHS = NO;
				ASSETCATALOG_COMPILER_GENERATE_SWIFT_ASSET_SYMBOL_EXTENSIONS = YES;
				CLANG_ANALYZER_NONNULL = YES;
				CLANG_ANALYZER_NUMBER_OBJECT_CONVERSION = YES_AGGRESSIVE;
				CLANG_CXX_LANGUAGE_STANDARD = "gnu++20";
				CLANG_ENABLE_MODULES = YES;
				CLANG_ENABLE_OBJC_ARC = YES;
				CLANG_ENABLE_OBJC_WEAK = YES;
				CLANG_WARN_BLOCK_CAPTURE_AUTORELEASING = YES;
				CLANG_WARN_BOOL_CONVERSION = YES;
				CLANG_WARN_COMMA = YES;
				CLANG_WARN_CONSTANT_CONVERSION = YES;
				CLANG_WARN_DEPRECATED_OBJC_IMPLEMENTATIONS = YES;
				CLANG_WARN_DIRECT_OBJC_ISA_USAGE = YES_ERROR;
				CLANG_WARN_DOCUMENTATION_COMMENTS = YES;
				CLANG_WARN_EMPTY_BODY = YES;
				CLANG_WARN_ENUM_CONVERSION = YES;
				CLANG_WARN_INFINITE_RECURSION = YES;
				CLANG_WARN_INT_CONVERSION = YES;
				CLANG_WARN_NON_LITERAL_NULL_CONVERSION = YES;
				CLANG_WARN_OBJC_IMPLICIT_RETAIN_SELF = YES;
				CLANG_WARN_OBJC_LITERAL_CONVERSION = YES;
				CLANG_WARN_OBJC_ROOT_CLASS = YES_ERROR;
				CLANG_WARN_QUOTED_INCLUDE_IN_FRAMEWORK_HEADER = YES;
				CLANG_WARN_RANGE_LOOP_ANALYSIS = YES;
				CLANG_WARN_STRICT_PROTOTYPES = YES;
				CLANG_WARN_SUSPICIOUS_MOVE = YES;
				CLANG_WARN_UNGUARDED_AVAILABILITY = YES_AGGRESSIVE;
				CLANG_WARN_UNREACHABLE_CODE = YES;
				CLANG_WARN__DUPLICATE_METHOD_MATCH = YES;
				COPY_PHASE_STRIP = NO;
				DEBUG_INFORMATION_FORMAT = "dwarf-with-dsym";
				ENABLE_NS_ASSERTIONS = NO;
				ENABLE_STRICT_OBJC_MSGSEND = YES;
				ENABLE_USER_SCRIPT_SANDBOXING = YES;
				GCC_C_LANGUAGE_STANDARD = gnu17;
				GCC_NO_COMMON_BLOCKS = YES;
				GCC_WARN_64_TO_32_BIT_CONVERSION = YES;
				GCC_WARN_ABOUT_RETURN_TYPE = YES_ERROR;
				GCC_WARN_UNDECLARED_SELECTOR = YES;
				GCC_WARN_UNINITIALIZED_AUTOS = YES_AGGRESSIVE;
				GCC_WARN_UNUSED_FUNCTION = YES;
				GCC_WARN_UNUSED_VARIABLE = YES;
				IPHONEOS_DEPLOYMENT_TARGET = 17.0;
				LOCALIZATION_PREFERS_STRING_CATALOGS = YES;
				MTL_ENABLE_DEBUG_INFO = NO;
				MTL_FAST_MATH = YES;
				SDKROOT = iphoneos;
				SWIFT_COMPILATION_MODE = wholemodule;
				VALIDATE_PRODUCT = YES;
			};
			name = Release;
		};
		6C5B443D2AD9A130007E20D4 /* Debug */ = {
			isa = XCBuildConfiguration;
			buildSettings = {
				ASSETCATALOG_COMPILER_APPICON_NAME = AppIcon;
				ASSETCATALOG_COMPILER_GLOBAL_ACCENT_COLOR_NAME = AccentColor;
				CODE_SIGN_STYLE = Automatic;
				CURRENT_PROJECT_VERSION = 1;
				DEVELOPMENT_TEAM = AUR8GZBZK7;
				GENERATE_INFOPLIST_FILE = YES;
				INFOPLIST_FILE = SettingsAppMVC/Resources/Info.plist;
				INFOPLIST_KEY_UIApplicationSupportsIndirectInputEvents = YES;
				INFOPLIST_KEY_UILaunchStoryboardName = LaunchScreen;
				INFOPLIST_KEY_UISupportedInterfaceOrientations = UIInterfaceOrientationPortrait;
				IPHONEOS_DEPLOYMENT_TARGET = 16.4;
				LD_RUNPATH_SEARCH_PATHS = (
					"$(inherited)",
					"@executable_path/Frameworks",
				);
				MARKETING_VERSION = 1.0;
				PRODUCT_BUNDLE_IDENTIFIER = com.my.SettingsAppMVC;
				PRODUCT_NAME = "$(TARGET_NAME)";
				SUPPORTED_PLATFORMS = "iphoneos iphonesimulator";
				SUPPORTS_MACCATALYST = NO;
				SUPPORTS_MAC_DESIGNED_FOR_IPHONE_IPAD = NO;
				SWIFT_EMIT_LOC_STRINGS = YES;
				SWIFT_VERSION = 5.0;
				TARGETED_DEVICE_FAMILY = 1;
			};
			name = Debug;
		};
		6C5B443E2AD9A130007E20D4 /* Release */ = {
			isa = XCBuildConfiguration;
			buildSettings = {
				ASSETCATALOG_COMPILER_APPICON_NAME = AppIcon;
				ASSETCATALOG_COMPILER_GLOBAL_ACCENT_COLOR_NAME = AccentColor;
				CODE_SIGN_STYLE = Automatic;
				CURRENT_PROJECT_VERSION = 1;
				DEVELOPMENT_TEAM = AUR8GZBZK7;
				GENERATE_INFOPLIST_FILE = YES;
				INFOPLIST_FILE = SettingsAppMVC/Resources/Info.plist;
				INFOPLIST_KEY_UIApplicationSupportsIndirectInputEvents = YES;
				INFOPLIST_KEY_UILaunchStoryboardName = LaunchScreen;
				INFOPLIST_KEY_UISupportedInterfaceOrientations = UIInterfaceOrientationPortrait;
				IPHONEOS_DEPLOYMENT_TARGET = 16.4;
				LD_RUNPATH_SEARCH_PATHS = (
					"$(inherited)",
					"@executable_path/Frameworks",
				);
				MARKETING_VERSION = 1.0;
				PRODUCT_BUNDLE_IDENTIFIER = com.my.SettingsAppMVC;
				PRODUCT_NAME = "$(TARGET_NAME)";
				SUPPORTED_PLATFORMS = "iphoneos iphonesimulator";
				SUPPORTS_MACCATALYST = NO;
				SUPPORTS_MAC_DESIGNED_FOR_IPHONE_IPAD = NO;
				SWIFT_EMIT_LOC_STRINGS = YES;
				SWIFT_VERSION = 5.0;
				TARGETED_DEVICE_FAMILY = 1;
			};
			name = Release;
		};
/* End XCBuildConfiguration section */

/* Begin XCConfigurationList section */
		6C5B44232AD9A12E007E20D4 /* Build configuration list for PBXProject "SettingsAppMVC" */ = {
			isa = XCConfigurationList;
			buildConfigurations = (
				6C5B443A2AD9A130007E20D4 /* Debug */,
				6C5B443B2AD9A130007E20D4 /* Release */,
			);
			defaultConfigurationIsVisible = 0;
			defaultConfigurationName = Release;
		};
		6C5B443C2AD9A130007E20D4 /* Build configuration list for PBXNativeTarget "SettingsAppMVC" */ = {
			isa = XCConfigurationList;
			buildConfigurations = (
				6C5B443D2AD9A130007E20D4 /* Debug */,
				6C5B443E2AD9A130007E20D4 /* Release */,
			);
			defaultConfigurationIsVisible = 0;
			defaultConfigurationName = Release;
		};
/* End XCConfigurationList section */
	};
	rootObject = 6C5B44202AD9A12E007E20D4 /* Project object */;
}
